
Microsoft Visual Studio Solution File, Format Version 12.00
# Visual Studio Version 17
VisualStudioVersion = 17.3.32901.215
MinimumVisualStudioVersion = 10.0.40219.1
Project("{FAE04EC0-301F-11D3-BF4B-00C04F79EFBC}") = "Sov.PlanOnTheFly", "Sov.PlanOnTheFly.csproj", "{AB4FFE71-7C36-4CD5-803B-827BCEC75E07}"
EndProject
Global
	GlobalSection(SolutionConfigurationPlatforms) = preSolution
		Debug|Any CPU = Debug|Any CPU
		Release|Any CPU = Release|Any CPU
	EndGlobalSection
	GlobalSection(ProjectConfigurationPlatforms) = postSolution
		{AB4FFE71-7C36-4CD5-803B-827BCEC75E07}.Debug|Any CPU.ActiveCfg = Debug|Any CPU
		{AB4FFE71-7C36-4CD5-803B-827BCEC75E07}.Debug|Any CPU.Build.0 = Debug|Any CPU
		{AB4FFE71-7C36-4CD5-803B-827BCEC75E07}.Release|Any CPU.ActiveCfg = Release|Any CPU
		{AB4FFE71-7C36-4CD5-803B-827BCEC75E07}.Release|Any CPU.Build.0 = Release|Any CPU
	EndGlobalSection
	GlobalSection(SolutionProperties) = preSolution
		HideSolutionNode = FALSE
	EndGlobalSection
	GlobalSection(ExtensibilityGlobals) = postSolution
		SolutionGuid = {CAD18F6D-AA12-436F-9130-80EE05219009}
	EndGlobalSection
EndGlobal
